
Microsoft Visual Studio Solution File, Format Version 12.00
# Visual Studio Version 17
VisualStudioVersion = 17.8.34330.188
MinimumVisualStudioVersion = 10.0.40219.1
Project("{FAE04EC0-301F-11D3-BF4B-00C04F79EFBC}") = "brandperiorCalendar", "brandperiorCalendar\brandperiorCalendar\brandperiorCalendar.csproj", "{64C3E31A-B0FA-44CD-9A02-7B785AC2C0EB}"
EndProject
Project("{FAE04EC0-301F-11D3-BF4B-00C04F79EFBC}") = "brandperiorCalendar.Client", "brandperiorCalendar\brandperiorCalendar.Client\brandperiorCalendar.Client.csproj", "{57954F6C-7E32-457C-A024-AB2F1EE9541D}"
EndProject
Global
	GlobalSection(SolutionConfigurationPlatforms) = preSolution
		Debug|Any CPU = Debug|Any CPU
		Release|Any CPU = Release|Any CPU
	EndGlobalSection
	GlobalSection(ProjectConfigurationPlatforms) = postSolution
		{64C3E31A-B0FA-44CD-9A02-7B785AC2C0EB}.Debug|Any CPU.ActiveCfg = Debug|Any CPU
		{64C3E31A-B0FA-44CD-9A02-7B785AC2C0EB}.Debug|Any CPU.Build.0 = Debug|Any CPU
		{64C3E31A-B0FA-44CD-9A02-7B785AC2C0EB}.Release|Any CPU.ActiveCfg = Release|Any CPU
		{64C3E31A-B0FA-44CD-9A02-7B785AC2C0EB}.Release|Any CPU.Build.0 = Release|Any CPU
		{57954F6C-7E32-457C-A024-AB2F1EE9541D}.Debug|Any CPU.ActiveCfg = Debug|Any CPU
		{57954F6C-7E32-457C-A024-AB2F1EE9541D}.Debug|Any CPU.Build.0 = Debug|Any CPU
		{57954F6C-7E32-457C-A024-AB2F1EE9541D}.Release|Any CPU.ActiveCfg = Release|Any CPU
		{57954F6C-7E32-457C-A024-AB2F1EE9541D}.Release|Any CPU.Build.0 = Release|Any CPU
	EndGlobalSection
	GlobalSection(SolutionProperties) = preSolution
		HideSolutionNode = FALSE
	EndGlobalSection
	GlobalSection(ExtensibilityGlobals) = postSolution
		SolutionGuid = {242381CE-232C-4EAB-A596-160842CD1AD9}
	EndGlobalSection
EndGlobal
